
Microsoft Visual Studio Solution File, Format Version 12.00
# Visual Studio Version 16
VisualStudioVersion = 16.0.30804.86
MinimumVisualStudioVersion = 10.0.40219.1
Project("{9A19103F-16F7-4668-BE54-9A1E7A4F7556}") = "ProjetTutorerTest", "ProjetTutorerTest\ProjetTutorerTest.csproj", "{1E4DF7D0-127E-459C-857F-12D3EC05F09D}"
EndProject
Project("{FAE04EC0-301F-11D3-BF4B-00C04F79EFBC}") = "ProjetTutorerTestUnitaire", "ProjetTutorerTestUnitaire\ProjetTutorerTestUnitaire.csproj", "{B9E1636F-7767-4B7C-B772-919C48C03738}"
EndProject
Global
	GlobalSection(SolutionConfigurationPlatforms) = preSolution
		Debug|Any CPU = Debug|Any CPU
		Release|Any CPU = Release|Any CPU
	EndGlobalSection
	GlobalSection(ProjectConfigurationPlatforms) = postSolution
		{1E4DF7D0-127E-459C-857F-12D3EC05F09D}.Debug|Any CPU.ActiveCfg = Debug|Any CPU
		{1E4DF7D0-127E-459C-857F-12D3EC05F09D}.Debug|Any CPU.Build.0 = Debug|Any CPU
		{1E4DF7D0-127E-459C-857F-12D3EC05F09D}.Release|Any CPU.ActiveCfg = Release|Any CPU
		{1E4DF7D0-127E-459C-857F-12D3EC05F09D}.Release|Any CPU.Build.0 = Release|Any CPU
		{B9E1636F-7767-4B7C-B772-919C48C03738}.Debug|Any CPU.ActiveCfg = Debug|Any CPU
		{B9E1636F-7767-4B7C-B772-919C48C03738}.Debug|Any CPU.Build.0 = Debug|Any CPU
		{B9E1636F-7767-4B7C-B772-919C48C03738}.Release|Any CPU.ActiveCfg = Release|Any CPU
		{B9E1636F-7767-4B7C-B772-919C48C03738}.Release|Any CPU.Build.0 = Release|Any CPU
	EndGlobalSection
	GlobalSection(SolutionProperties) = preSolution
		HideSolutionNode = FALSE
	EndGlobalSection
	GlobalSection(ExtensibilityGlobals) = postSolution
		SolutionGuid = {D021BF83-52BB-4AEE-822F-89789C958F99}
	EndGlobalSection
EndGlobal
